
Microsoft Visual Studio Solution File, Format Version 11.00
# Visual Studio 2010
Project("{FAE04EC0-301F-11D3-BF4B-00C04F79EFBC}") = "VortexCSharpTest", "VortexCSharpTest\VortexCSharpTest.csproj", "{32737498-7552-48E1-B04A-D2E9B0DFD714}"
EndProject
Project("{2150E333-8FDC-42A3-9474-1A3956D46DE8}") = "Solution Items", "Solution Items", "{A15A513D-2444-4818-A7EB-1779632E6593}"
	ProjectSection(SolutionItems) = preProject
		Local.testsettings = Local.testsettings
		sln.vsmdi = sln.vsmdi
		TraceAndTestImpact.testsettings = TraceAndTestImpact.testsettings
	EndProjectSection
EndProject
Project("{FAE04EC0-301F-11D3-BF4B-00C04F79EFBC}") = "VortexCSharp", "VortexCSharp\VortexCSharp.csproj", "{EDCC8C65-2430-4037-9A9A-7F3B8FC0C994}"
EndProject
Global
	GlobalSection(TestCaseManagementSettings) = postSolution
		CategoryFile = sln.vsmdi
	EndGlobalSection
	GlobalSection(SolutionConfigurationPlatforms) = preSolution
		Debug|Any CPU = Debug|Any CPU
		Release|Any CPU = Release|Any CPU
	EndGlobalSection
	GlobalSection(ProjectConfigurationPlatforms) = postSolution
		{32737498-7552-48E1-B04A-D2E9B0DFD714}.Debug|Any CPU.ActiveCfg = Debug|Any CPU
		{32737498-7552-48E1-B04A-D2E9B0DFD714}.Debug|Any CPU.Build.0 = Debug|Any CPU
		{32737498-7552-48E1-B04A-D2E9B0DFD714}.Release|Any CPU.ActiveCfg = Release|Any CPU
		{32737498-7552-48E1-B04A-D2E9B0DFD714}.Release|Any CPU.Build.0 = Release|Any CPU
		{EDCC8C65-2430-4037-9A9A-7F3B8FC0C994}.Debug|Any CPU.ActiveCfg = Debug|Any CPU
		{EDCC8C65-2430-4037-9A9A-7F3B8FC0C994}.Debug|Any CPU.Build.0 = Debug|Any CPU
		{EDCC8C65-2430-4037-9A9A-7F3B8FC0C994}.Release|Any CPU.ActiveCfg = Release|Any CPU
		{EDCC8C65-2430-4037-9A9A-7F3B8FC0C994}.Release|Any CPU.Build.0 = Release|Any CPU
	EndGlobalSection
	GlobalSection(SolutionProperties) = preSolution
		HideSolutionNode = FALSE
	EndGlobalSection
EndGlobal
